// !$*UTF8*$!
{
	archiveVersion = 1;
	classes = {
	};
	objectVersion = 48;
	objects = {

/* Begin PBXBuildFile section */
		B345F15B2029AE9B0005E119 /* AppDelegate.m in Sources */ = {isa = PBXBuildFile; fileRef = B345F15A2029AE9B0005E119 /* AppDelegate.m */; };
		B345F15E2029AE9C0005E119 /* ViewController.m in Sources */ = {isa = PBXBuildFile; fileRef = B345F15D2029AE9C0005E119 /* ViewController.m */; };
		B345F1612029AE9C0005E119 /* Main.storyboard in Resources */ = {isa = PBXBuildFile; fileRef = B345F15F2029AE9C0005E119 /* Main.storyboard */; };
		B345F1632029AE9C0005E119 /* Assets.xcassets in Resources */ = {isa = PBXBuildFile; fileRef = B345F1622029AE9C0005E119 /* Assets.xcassets */; };
		B345F1662029AE9C0005E119 /* LaunchScreen.storyboard in Resources */ = {isa = PBXBuildFile; fileRef = B345F1642029AE9C0005E119 /* LaunchScreen.storyboard */; };
		B345F1692029AE9C0005E119 /* main.m in Sources */ = {isa = PBXBuildFile; fileRef = B345F1682029AE9C0005E119 /* main.m */; };
		B345F1732029AE9C0005E119 /* NSURLSessionDemoTests.m in Sources */ = {isa = PBXBuildFile; fileRef = B345F1722029AE9C0005E119 /* NSURLSessionDemoTests.m */; };
		B345F17E2029AE9C0005E119 /* NSURLSessionDemoUITests.m in Sources */ = {isa = PBXBuildFile; fileRef = B345F17D2029AE9C0005E119 /* NSURLSessionDemoUITests.m */; };
/* End PBXBuildFile section */

/* Begin PBXContainerItemProxy section */
		B345F16F2029AE9C0005E119 /* PBXContainerItemProxy */ = {
			isa = PBXContainerItemProxy;
			containerPortal = B345F14E2029AE9B0005E119 /* Project object */;
			proxyType = 1;
			remoteGlobalIDString = B345F1552029AE9B0005E119;
			remoteInfo = NSURLSessionDemo;
		};
		B345F17A2029AE9C0005E119 /* PBXContainerItemProxy */ = {
			isa = PBXContainerItemProxy;
			containerPortal = B345F14E2029AE9B0005E119 /* Project object */;
			proxyType = 1;
			remoteGlobalIDString = B345F1552029AE9B0005E119;
			remoteInfo = NSURLSessionDemo;
		};
/* End PBXContainerItemProxy section */

/* Begin PBXFileReference section */
		B345F1562029AE9B0005E119 /* NSURLSessionDemo.app */ = {isa = PBXFileReference; explicitFileType = wrapper.application; includeInIndex = 0; path = NSURLSessionDemo.app; sourceTree = BUILT_PRODUCTS_DIR; };
		B345F1592029AE9B0005E119 /* AppDelegate.h */ = {isa = PBXFileReference; lastKnownFileType = sourcecode.c.h; path = AppDelegate.h; sourceTree = "<group>"; };
		B345F15A2029AE9B0005E119 /* AppDelegate.m */ = {isa = PBXFileReference; lastKnownFileType = sourcecode.c.objc; path = AppDelegate.m; sourceTree = "<group>"; };
		B345F15C2029AE9C0005E119 /* ViewController.h */ = {isa = PBXFileReference; lastKnownFileType = sourcecode.c.h; path = ViewController.h; sourceTree = "<group>"; };
		B345F15D2029AE9C0005E119 /* ViewController.m */ = {isa = PBXFileReference; lastKnownFileType = sourcecode.c.objc; path = ViewController.m; sourceTree = "<group>"; };
		B345F1602029AE9C0005E119 /* Base */ = {isa = PBXFileReference; lastKnownFileType = file.storyboard; name = Base; path = Base.lproj/Main.storyboard; sourceTree = "<group>"; };
		B345F1622029AE9C0005E119 /* Assets.xcassets */ = {isa = PBXFileReference; lastKnownFileType = folder.assetcatalog; path = Assets.xcassets; sourceTree = "<group>"; };
		B345F1652029AE9C0005E119 /* Base */ = {isa = PBXFileReference; lastKnownFileType = file.storyboard; name = Base; path = Base.lproj/LaunchScreen.storyboard; sourceTree = "<group>"; };
		B345F1672029AE9C0005E119 /* Info.plist */ = {isa = PBXFileReference; lastKnownFileType = text.plist.xml; path = Info.plist; sourceTree = "<group>"; };
		B345F1682029AE9C0005E119 /* main.m */ = {isa = PBXFileReference; lastKnownFileType = sourcecode.c.objc; path = main.m; sourceTree = "<group>"; };
		B345F16E2029AE9C0005E119 /* NSURLSessionDemoTests.xctest */ = {isa = PBXFileReference; explicitFileType = wrapper.cfbundle; includeInIndex = 0; path = NSURLSessionDemoTests.xctest; sourceTree = BUILT_PRODUCTS_DIR; };
		B345F1722029AE9C0005E119 /* NSURLSessionDemoTests.m */ = {isa = PBXFileReference; lastKnownFileType = sourcecode.c.objc; path = NSURLSessionDemoTests.m; sourceTree = "<group>"; };
		B345F1742029AE9C0005E119 /* Info.plist */ = {isa = PBXFileReference; lastKnownFileType = text.plist.xml; path = Info.plist; sourceTree = "<group>"; };
		B345F1792029AE9C0005E119 /* NSURLSessionDemoUITests.xctest */ = {isa = PBXFileReference; explicitFileType = wrapper.cfbundle; includeInIndex = 0; path = NSURLSessionDemoUITests.xctest; sourceTree = BUILT_PRODUCTS_DIR; };
		B345F17D2029AE9C0005E119 /* NSURLSessionDemoUITests.m */ = {isa = PBXFileReference; lastKnownFileType = sourcecode.c.objc; path = NSURLSessionDemoUITests.m; sourceTree = "<group>"; };
		B345F17F2029AE9C0005E119 /* Info.plist */ = {isa = PBXFileReference; lastKnownFileType = text.plist.xml; path = Info.plist; sourceTree = "<group>"; };
/* End PBXFileReference section */

/* Begin PBXFrameworksBuildPhase section */
		B345F1532029AE9B0005E119 /* Frameworks */ = {
			isa = PBXFrameworksBuildPhase;
			buildActionMask = 2147483647;
			files = (
			);
			runOnlyForDeploymentPostprocessing = 0;
		};
		B345F16B2029AE9C0005E119 /* Frameworks */ = {
			isa = PBXFrameworksBuildPhase;
			buildActionMask = 2147483647;
			files = (
			);
			runOnlyForDeploymentPostprocessing = 0;
		};
		B345F1762029AE9C0005E119 /* Frameworks */ = {
			isa = PBXFrameworksBuildPhase;
			buildActionMask = 2147483647;
			files = (
			);
			runOnlyForDeploymentPostprocessing = 0;
		};
/* End PBXFrameworksBuildPhase section */

/* Begin PBXGroup section */
		B345F14D2029AE9B0005E119 = {
			isa = PBXGroup;
			children = (
				B345F1582029AE9B0005E119 /* NSURLSessionDemo */,
				B345F1712029AE9C0005E119 /* NSURLSessionDemoTests */,
				B345F17C2029AE9C0005E119 /* NSURLSessionDemoUITests */,
				B345F1572029AE9B0005E119 /* Products */,
			);
			sourceTree = "<group>";
		};
		B345F1572029AE9B0005E119 /* Products */ = {
			isa = PBXGroup;
			children = (
				B345F1562029AE9B0005E119 /* NSURLSessionDemo.app */,
				B345F16E2029AE9C0005E119 /* NSURLSessionDemoTests.xctest */,
				B345F1792029AE9C0005E119 /* NSURLSessionDemoUITests.xctest */,
			);
			name = Products;
			sourceTree = "<group>";
		};
		B345F1582029AE9B0005E119 /* NSURLSessionDemo */ = {
			isa = PBXGroup;
			children = (
				B345F1592029AE9B0005E119 /* AppDelegate.h */,
				B345F15A2029AE9B0005E119 /* AppDelegate.m */,
				B345F15C2029AE9C0005E119 /* ViewController.h */,
				B345F15D2029AE9C0005E119 /* ViewController.m */,
				B345F15F2029AE9C0005E119 /* Main.storyboard */,
				B345F1622029AE9C0005E119 /* Assets.xcassets */,
				B345F1642029AE9C0005E119 /* LaunchScreen.storyboard */,
				B345F1672029AE9C0005E119 /* Info.plist */,
				B345F1682029AE9C0005E119 /* main.m */,
			);
			path = NSURLSessionDemo;
			sourceTree = "<group>";
		};
		B345F1712029AE9C0005E119 /* NSURLSessionDemoTests */ = {
			isa = PBXGroup;
			children = (
				B345F1722029AE9C0005E119 /* NSURLSessionDemoTests.m */,
				B345F1742029AE9C0005E119 /* Info.plist */,
			);
			path = NSURLSessionDemoTests;
			sourceTree = "<group>";
		};
		B345F17C2029AE9C0005E119 /* NSURLSessionDemoUITests */ = {
			isa = PBXGroup;
			children = (
				B345F17D2029AE9C0005E119 /* NSURLSessionDemoUITests.m */,
				B345F17F2029AE9C0005E119 /* Info.plist */,
			);
			path = NSURLSessionDemoUITests;
			sourceTree = "<group>";
		};
/* End PBXGroup section */

/* Begin PBXNativeTarget section */
		B345F1552029AE9B0005E119 /* NSURLSessionDemo */ = {
			isa = PBXNativeTarget;
			buildConfigurationList = B345F1822029AE9C0005E119 /* Build configuration list for PBXNativeTarget "NSURLSessionDemo" */;
			buildPhases = (
				B345F1522029AE9B0005E119 /* Sources */,
				B345F1532029AE9B0005E119 /* Frameworks */,
				B345F1542029AE9B0005E119 /* Resources */,
			);
			buildRules = (
			);
			dependencies = (
			);
			name = NSURLSessionDemo;
			productName = NSURLSessionDemo;
			productReference = B345F1562029AE9B0005E119 /* NSURLSessionDemo.app */;
			productType = "com.apple.product-type.application";
		};
		B345F16D2029AE9C0005E119 /* NSURLSessionDemoTests */ = {
			isa = PBXNativeTarget;
			buildConfigurationList = B345F1852029AE9C0005E119 /* Build configuration list for PBXNativeTarget "NSURLSessionDemoTests" */;
			buildPhases = (
				B345F16A2029AE9C0005E119 /* Sources */,
				B345F16B2029AE9C0005E119 /* Frameworks */,
				B345F16C2029AE9C0005E119 /* Resources */,
			);
			buildRules = (
			);
			dependencies = (
				B345F1702029AE9C0005E119 /* PBXTargetDependency */,
			);
			name = NSURLSessionDemoTests;
			productName = NSURLSessionDemoTests;
			productReference = B345F16E2029AE9C0005E119 /* NSURLSessionDemoTests.xctest */;
			productType = "com.apple.product-type.bundle.unit-test";
		};
		B345F1782029AE9C0005E119 /* NSURLSessionDemoUITests */ = {
			isa = PBXNativeTarget;
			buildConfigurationList = B345F1882029AE9C0005E119 /* Build configuration list for PBXNativeTarget "NSURLSessionDemoUITests" */;
			buildPhases = (
				B345F1752029AE9C0005E119 /* Sources */,
				B345F1762029AE9C0005E119 /* Frameworks */,
				B345F1772029AE9C0005E119 /* Resources */,
			);
			buildRules = (
			);
			dependencies = (
				B345F17B2029AE9C0005E119 /* PBXTargetDependency */,
			);
			name = NSURLSessionDemoUITests;
			productName = NSURLSessionDemoUITests;
			productReference = B345F1792029AE9C0005E119 /* NSURLSessionDemoUITests.xctest */;
			productType = "com.apple.product-type.bundle.ui-testing";
		};
/* End PBXNativeTarget section */

/* Begin PBXProject section */
		B345F14E2029AE9B0005E119 /* Project object */ = {
			isa = PBXProject;
			attributes = {
				LastUpgradeCheck = 0900;
				ORGANIZATIONNAME = J;
				TargetAttributes = {
					B345F1552029AE9B0005E119 = {
						CreatedOnToolsVersion = 9.0;
						ProvisioningStyle = Automatic;
						SystemCapabilities = {
							com.apple.BackgroundModes = {
								enabled = 1;
							};
						};
					};
					B345F16D2029AE9C0005E119 = {
						CreatedOnToolsVersion = 9.0;
						ProvisioningStyle = Automatic;
						TestTargetID = B345F1552029AE9B0005E119;
					};
					B345F1782029AE9C0005E119 = {
						CreatedOnToolsVersion = 9.0;
						ProvisioningStyle = Automatic;
						TestTargetID = B345F1552029AE9B0005E119;
					};
				};
			};
			buildConfigurationList = B345F1512029AE9B0005E119 /* Build configuration list for PBXProject "NSURLSessionDemo" */;
			compatibilityVersion = "Xcode 8.0";
			developmentRegion = en;
			hasScannedForEncodings = 0;
			knownRegions = (
				en,
				Base,
			);
			mainGroup = B345F14D2029AE9B0005E119;
			productRefGroup = B345F1572029AE9B0005E119 /* Products */;
			projectDirPath = "";
			projectRoot = "";
			targets = (
				B345F1552029AE9B0005E119 /* NSURLSessionDemo */,
				B345F16D2029AE9C0005E119 /* NSURLSessionDemoTests */,
				B345F1782029AE9C0005E119 /* NSURLSessionDemoUITests */,
			);
		};
/* End PBXProject section */

/* Begin PBXResourcesBuildPhase section */
		B345F1542029AE9B0005E119 /* Resources */ = {
			isa = PBXResourcesBuildPhase;
			buildActionMask = 2147483647;
			files = (
				B345F1662029AE9C0005E119 /* LaunchScreen.storyboard in Resources */,
				B345F1632029AE9C0005E119 /* Assets.xcassets in Resources */,
				B345F1612029AE9C0005E119 /* Main.storyboard in Resources */,
			);
			runOnlyForDeploymentPostprocessing = 0;
		};
		B345F16C2029AE9C0005E119 /* Resources */ = {
			isa = PBXResourcesBuildPhase;
			buildActionMask = 2147483647;
			files = (
			);
			runOnlyForDeploymentPostprocessing = 0;
		};
		B345F1772029AE9C0005E119 /* Resources */ = {
			isa = PBXResourcesBuildPhase;
			buildActionMask = 2147483647;
			files = (
			);
			runOnlyForDeploymentPostprocessing = 0;
		};
/* End PBXResourcesBuildPhase section */

/* Begin PBXSourcesBuildPhase section */
		B345F1522029AE9B0005E119 /* Sources */ = {
			isa = PBXSourcesBuildPhase;
			buildActionMask = 2147483647;
			files = (
				B345F15E2029AE9C0005E119 /* ViewController.m in Sources */,
				B345F1692029AE9C0005E119 /* main.m in Sources */,
				B345F15B2029AE9B0005E119 /* AppDelegate.m in Sources */,
			);
			runOnlyForDeploymentPostprocessing = 0;
		};
		B345F16A2029AE9C0005E119 /* Sources */ = {
			isa = PBXSourcesBuildPhase;
			buildActionMask = 2147483647;
			files = (
				B345F1732029AE9C0005E119 /* NSURLSessionDemoTests.m in Sources */,
			);
			runOnlyForDeploymentPostprocessing = 0;
		};
		B345F1752029AE9C0005E119 /* Sources */ = {
			isa = PBXSourcesBuildPhase;
			buildActionMask = 2147483647;
			files = (
				B345F17E2029AE9C0005E119 /* NSURLSessionDemoUITests.m in Sources */,
			);
			runOnlyForDeploymentPostprocessing = 0;
		};
/* End PBXSourcesBuildPhase section */

/* Begin PBXTargetDependency section */
		B345F1702029AE9C0005E119 /* PBXTargetDependency */ = {
			isa = PBXTargetDependency;
			target = B345F1552029AE9B0005E119 /* NSURLSessionDemo */;
			targetProxy = B345F16F2029AE9C0005E119 /* PBXContainerItemProxy */;
		};
		B345F17B2029AE9C0005E119 /* PBXTargetDependency */ = {
			isa = PBXTargetDependency;
			target = B345F1552029AE9B0005E119 /* NSURLSessionDemo */;
			targetProxy = B345F17A2029AE9C0005E119 /* PBXContainerItemProxy */;
		};
/* End PBXTargetDependency section */

/* Begin PBXVariantGroup section */
		B345F15F2029AE9C0005E119 /* Main.storyboard */ = {
			isa = PBXVariantGroup;
			children = (
				B345F1602029AE9C0005E119 /* Base */,
			);
			name = Main.storyboard;
			sourceTree = "<group>";
		};
		B345F1642029AE9C0005E119 /* LaunchScreen.storyboard */ = {
			isa = PBXVariantGroup;
			children = (
				B345F1652029AE9C0005E119 /* Base */,
			);
			name = LaunchScreen.storyboard;
			sourceTree = "<group>";
		};
/* End PBXVariantGroup section */

/* Begin XCBuildConfiguration section */
		B345F1802029AE9C0005E119 /* Debug */ = {
			isa = XCBuildConfiguration;
			buildSettings = {
				ALWAYS_SEARCH_USER_PATHS = NO;
				CLANG_ANALYZER_NONNULL = YES;
				CLANG_ANALYZER_NUMBER_OBJECT_CONVERSION = YES_AGGRESSIVE;
				CLANG_CXX_LANGUAGE_STANDARD = "gnu++14";
				CLANG_CXX_LIBRARY = "libc++";
				CLANG_ENABLE_MODULES = YES;
				CLANG_ENABLE_OBJC_ARC = YES;
				CLANG_WARN_BLOCK_CAPTURE_AUTORELEASING = YES;
				CLANG_WARN_BOOL_CONVERSION = YES;
				CLANG_WARN_COMMA = YES;
				CLANG_WARN_CONSTANT_CONVERSION = YES;
				CLANG_WARN_DIRECT_OBJC_ISA_USAGE = YES_ERROR;
				CLANG_WARN_DOCUMENTATION_COMMENTS = YES;
				CLANG_WARN_EMPTY_BODY = YES;
				CLANG_WARN_ENUM_CONVERSION = YES;
				CLANG_WARN_INFINITE_RECURSION = YES;
				CLANG_WARN_INT_CONVERSION = YES;
				CLANG_WARN_NON_LITERAL_NULL_CONVERSION = YES;
				CLANG_WARN_OBJC_LITERAL_CONVERSION = YES;
				CLANG_WARN_OBJC_ROOT_CLASS = YES_ERROR;
				CLANG_WARN_RANGE_LOOP_ANALYSIS = YES;
				CLANG_WARN_STRICT_PROTOTYPES = YES;
				CLANG_WARN_SUSPICIOUS_MOVE = YES;
				CLANG_WARN_UNGUARDED_AVAILABILITY = YES_AGGRESSIVE;
				CLANG_WARN_UNREACHABLE_CODE = YES;
				CLANG_WARN__DUPLICATE_METHOD_MATCH = YES;
				CODE_SIGN_IDENTITY = "iPhone Developer";
				COPY_PHASE_STRIP = NO;
				DEBUG_INFORMATION_FORMAT = dwarf;
				ENABLE_STRICT_OBJC_MSGSEND = YES;
				ENABLE_TESTABILITY = YES;
				GCC_C_LANGUAGE_STANDARD = gnu11;
				GCC_DYNAMIC_NO_PIC = NO;
				GCC_NO_COMMON_BLOCKS = YES;
				GCC_OPTIMIZATION_LEVEL = 0;
				GCC_PREPROCESSOR_DEFINITIONS = (
					"DEBUG=1",
					"$(inherited)",
				);
				GCC_WARN_64_TO_32_BIT_CONVERSION = YES;
				GCC_WARN_ABOUT_RETURN_TYPE = YES_ERROR;
				GCC_WARN_UNDECLARED_SELECTOR = YES;
				GCC_WARN_UNINITIALIZED_AUTOS = YES_AGGRESSIVE;
				GCC_WARN_UNUSED_FUNCTION = YES;
				GCC_WARN_UNUSED_VARIABLE = YES;
				IPHONEOS_DEPLOYMENT_TARGET = 11.0;
				MTL_ENABLE_DEBUG_INFO = YES;
				ONLY_ACTIVE_ARCH = YES;
				SDKROOT = iphoneos;
			};
			name = Debug;
		};
		B345F1812029AE9C0005E119 /* Release */ = {
			isa = XCBuildConfiguration;
			buildSettings = {
				ALWAYS_SEARCH_USER_PATHS = NO;
				CLANG_ANALYZER_NONNULL = YES;
				CLANG_ANALYZER_NUMBER_OBJECT_CONVERSION = YES_AGGRESSIVE;
				CLANG_CXX_LANGUAGE_STANDARD = "gnu++14";
				CLANG_CXX_LIBRARY = "libc++";
				CLANG_ENABLE_MODULES = YES;
				CLANG_ENABLE_OBJC_ARC = YES;
				CLANG_WARN_BLOCK_CAPTURE_AUTORELEASING = YES;
				CLANG_WARN_BOOL_CONVERSION = YES;
				CLANG_WARN_COMMA = YES;
				CLANG_WARN_CONSTANT_CONVERSION = YES;
				CLANG_WARN_DIRECT_OBJC_ISA_USAGE = YES_ERROR;
				CLANG_WARN_DOCUMENTATION_COMMENTS = YES;
				CLANG_WARN_EMPTY_BODY = YES;
				CLANG_WARN_ENUM_CONVERSION = YES;
				CLANG_WARN_INFINITE_RECURSION = YES;
				CLANG_WARN_INT_CONVERSION = YES;
				CLANG_WARN_NON_LITERAL_NULL_CONVERSION = YES;
				CLANG_WARN_OBJC_LITERAL_CONVERSION = YES;
				CLANG_WARN_OBJC_ROOT_CLASS = YES_ERROR;
				CLANG_WARN_RANGE_LOOP_ANALYSIS = YES;
				CLANG_WARN_STRICT_PROTOTYPES = YES;
				CLANG_WARN_SUSPICIOUS_MOVE = YES;
				CLANG_WARN_UNGUARDED_AVAILABILITY = YES_AGGRESSIVE;
				CLANG_WARN_UNREACHABLE_CODE = YES;
				CLANG_WARN__DUPLICATE_METHOD_MATCH = YES;
				CODE_SIGN_IDENTITY = "iPhone Developer";
				COPY_PHASE_STRIP = NO;
				DEBUG_INFORMATION_FORMAT = "dwarf-with-dsym";
				ENABLE_NS_ASSERTIONS = NO;
				ENABLE_STRICT_OBJC_MSGSEND = YES;
				GCC_C_LANGUAGE_STANDARD = gnu11;
				GCC_NO_COMMON_BLOCKS = YES;
				GCC_WARN_64_TO_32_BIT_CONVERSION = YES;
				GCC_WARN_ABOUT_RETURN_TYPE = YES_ERROR;
				GCC_WARN_UNDECLARED_SELECTOR = YES;
				GCC_WARN_UNINITIALIZED_AUTOS = YES_AGGRESSIVE;
				GCC_WARN_UNUSED_FUNCTION = YES;
				GCC_WARN_UNUSED_VARIABLE = YES;
				IPHONEOS_DEPLOYMENT_TARGET = 11.0;
				MTL_ENABLE_DEBUG_INFO = NO;
				SDKROOT = iphoneos;
				VALIDATE_PRODUCT = YES;
			};
			name = Release;
		};
		B345F1832029AE9C0005E119 /* Debug */ = {
			isa = XCBuildConfiguration;
			buildSettings = {
				ASSETCATALOG_COMPILER_APPICON_NAME = AppIcon;
				CODE_SIGN_STYLE = Automatic;
				DEVELOPMENT_TEAM = 8H42Q3R4VZ;
				INFOPLIST_FILE = NSURLSessionDemo/Info.plist;
				IPHONEOS_DEPLOYMENT_TARGET = 10.2;
				LD_RUNPATH_SEARCH_PATHS = "$(inherited) @executable_path/Frameworks";
				PRODUCT_BUNDLE_IDENTIFIER = com.liaoyuanng.NSURLSessionDemo;
				PRODUCT_NAME = "$(TARGET_NAME)";
				TARGETED_DEVICE_FAMILY = "1,2";
			};
			name = Debug;
		};
		B345F1842029AE9C0005E119 /* Release */ = {
			isa = XCBuildConfiguration;
			buildSettings = {
				ASSETCATALOG_COMPILER_APPICON_NAME = AppIcon;
				CODE_SIGN_STYLE = Automatic;
				DEVELOPMENT_TEAM = 8H42Q3R4VZ;
				INFOPLIST_FILE = NSURLSessionDemo/Info.plist;
				IPHONEOS_DEPLOYMENT_TARGET = 10.2;
				LD_RUNPATH_SEARCH_PATHS = "$(inherited) @executable_path/Frameworks";
				PRODUCT_BUNDLE_IDENTIFIER = com.liaoyuanng.NSURLSessionDemo;
				PRODUCT_NAME = "$(TARGET_NAME)";
				TARGETED_DEVICE_FAMILY = "1,2";
			};
			name = Release;
		};
		B345F1862029AE9C0005E119 /* Debug */ = {
			isa = XCBuildConfiguration;
			buildSettings = {
				BUNDLE_LOADER = "$(TEST_HOST)";
				CODE_SIGN_STYLE = Automatic;
				DEVELOPMENT_TEAM = 8H42Q3R4VZ;
				INFOPLIST_FILE = NSURLSessionDemoTests/Info.plist;
				LD_RUNPATH_SEARCH_PATHS = "$(inherited) @executable_path/Frameworks @loader_path/Frameworks";
				PRODUCT_BUNDLE_IDENTIFIER = com.liaoyuanng.NSURLSessionDemoTests;
				PRODUCT_NAME = "$(TARGET_NAME)";
				TARGETED_DEVICE_FAMILY = "1,2";
				TEST_HOST = "$(BUILT_PRODUCTS_DIR)/NSURLSessionDemo.app/NSURLSessionDemo";
			};
			name = Debug;
		};
		B345F1872029AE9C0005E119 /* Release */ = {
			isa = XCBuildConfiguration;
			buildSettings = {
				BUNDLE_LOADER = "$(TEST_HOST)";
				CODE_SIGN_STYLE = Automatic;
				DEVELOPMENT_TEAM = 8H42Q3R4VZ;
				INFOPLIST_FILE = NSURLSessionDemoTests/Info.plist;
				LD_RUNPATH_SEARCH_PATHS = "$(inherited) @executable_path/Frameworks @loader_path/Frameworks";
				PRODUCT_BUNDLE_IDENTIFIER = com.liaoyuanng.NSURLSessionDemoTests;
				PRODUCT_NAME = "$(TARGET_NAME)";
				TARGETED_DEVICE_FAMILY = "1,2";
				TEST_HOST = "$(BUILT_PRODUCTS_DIR)/NSURLSessionDemo.app/NSURLSessionDemo";
			};
			name = Release;
		};
		B345F1892029AE9C0005E119 /* Debug */ = {
			isa = XCBuildConfiguration;
			buildSettings = {
				CODE_SIGN_STYLE = Automatic;
				DEVELOPMENT_TEAM = 8H42Q3R4VZ;
				INFOPLIST_FILE = NSURLSessionDemoUITests/Info.plist;
				LD_RUNPATH_SEARCH_PATHS = "$(inherited) @executable_path/Frameworks @loader_path/Frameworks";
				PRODUCT_BUNDLE_IDENTIFIER = com.liaoyuanng.NSURLSessionDemoUITests;
				PRODUCT_NAME = "$(TARGET_NAME)";
				TARGETED_DEVICE_FAMILY = "1,2";
				TEST_TARGET_NAME = NSURLSessionDemo;
			};
			name = Debug;
		};
		B345F18A2029AE9C0005E119 /* Release */ = {
			isa = XCBuildConfiguration;
			buildSettings = {
				CODE_SIGN_STYLE = Automatic;
				DEVELOPMENT_TEAM = 8H42Q3R4VZ;
				INFOPLIST_FILE = NSURLSessionDemoUITests/Info.plist;
				LD_RUNPATH_SEARCH_PATHS = "$(inherited) @executable_path/Frameworks @loader_path/Frameworks";
				PRODUCT_BUNDLE_IDENTIFIER = com.liaoyuanng.NSURLSessionDemoUITests;
				PRODUCT_NAME = "$(TARGET_NAME)";
				TARGETED_DEVICE_FAMILY = "1,2";
				TEST_TARGET_NAME = NSURLSessionDemo;
			};
			name = Release;
		};
/* End XCBuildConfiguration section */

/* Begin XCConfigurationList section */
		B345F1512029AE9B0005E119 /* Build configuration list for PBXProject "NSURLSessionDemo" */ = {
			isa = XCConfigurationList;
			buildConfigurations = (
				B345F1802029AE9C0005E119 /* Debug */,
				B345F1812029AE9C0005E119 /* Release */,
			);
			defaultConfigurationIsVisible = 0;
			defaultConfigurationName = Release;
		};
		B345F1822029AE9C0005E119 /* Build configuration list for PBXNativeTarget "NSURLSessionDemo" */ = {
			isa = XCConfigurationList;
			buildConfigurations = (
				B345F1832029AE9C0005E119 /* Debug */,
				B345F1842029AE9C0005E119 /* Release */,
			);
			defaultConfigurationIsVisible = 0;
			defaultConfigurationName = Release;
		};
		B345F1852029AE9C0005E119 /* Build configuration list for PBXNativeTarget "NSURLSessionDemoTests" */ = {
			isa = XCConfigurationList;
			buildConfigurations = (
				B345F1862029AE9C0005E119 /* Debug */,
				B345F1872029AE9C0005E119 /* Release */,
			);
			defaultConfigurationIsVisible = 0;
			defaultConfigurationName = Release;
		};
		B345F1882029AE9C0005E119 /* Build configuration list for PBXNativeTarget "NSURLSessionDemoUITests" */ = {
			isa = XCConfigurationList;
			buildConfigurations = (
				B345F1892029AE9C0005E119 /* Debug */,
				B345F18A2029AE9C0005E119 /* Release */,
			);
			defaultConfigurationIsVisible = 0;
			defaultConfigurationName = Release;
		};
/* End XCConfigurationList section */
	};
	rootObject = B345F14E2029AE9B0005E119 /* Project object */;
}
